
Microsoft Visual Studio Solution File, Format Version 12.00
# Visual Studio Version 17
VisualStudioVersion = 17.3.32929.385
MinimumVisualStudioVersion = 10.0.40219.1
Project("{888888A0-9F3D-457C-B088-3A5042F75D52}") = "chessbot1", "chessbot1.pyproj", "{A7D06279-139A-4539-AC6A-C2E193AA0213}"
EndProject
Global
	GlobalSection(SolutionConfigurationPlatforms) = preSolution
		Debug|Any CPU = Debug|Any CPU
		Release|Any CPU = Release|Any CPU
	EndGlobalSection
	GlobalSection(ProjectConfigurationPlatforms) = postSolution
		{A7D06279-139A-4539-AC6A-C2E193AA0213}.Debug|Any CPU.ActiveCfg = Debug|Any CPU
		{A7D06279-139A-4539-AC6A-C2E193AA0213}.Release|Any CPU.ActiveCfg = Release|Any CPU
	EndGlobalSection
	GlobalSection(SolutionProperties) = preSolution
		HideSolutionNode = FALSE
	EndGlobalSection
	GlobalSection(ExtensibilityGlobals) = postSolution
		SolutionGuid = {A7FCD92E-89B4-49A2-8FD6-66EFE49745D9}
	EndGlobalSection
EndGlobal
